
Microsoft Visual Studio Solution File, Format Version 11.00
# Visual Studio 2010
Project("{FAE04EC0-301F-11D3-BF4B-00C04F79EFBC}") = "UnityEngine.UI", "UnityEngine.UI.csproj", "{E70A3548-43E9-D177-BD98-5B10C5CB253D}"
EndProject
Project("{FAE04EC0-301F-11D3-BF4B-00C04F79EFBC}") = "Assembly-CSharp", "Assembly-CSharp.csproj", "{EA5E5C94-03A1-AEDC-67AD-8DF2AB077E38}"
EndProject
Project("{FAE04EC0-301F-11D3-BF4B-00C04F79EFBC}") = "Unity.2D.Sprite.Editor", "Unity.2D.Sprite.Editor.csproj", "{7FEAAA78-ED98-F19C-62C0-15F385C13B93}"
EndProject
Project("{FAE04EC0-301F-11D3-BF4B-00C04F79EFBC}") = "UnityEditor.UI", "UnityEditor.UI.csproj", "{78EAA696-08FB-1049-24C5-81B3FCCC0820}"
EndProject
Project("{FAE04EC0-301F-11D3-BF4B-00C04F79EFBC}") = "Unity.2D.Tilemap.Editor", "Unity.2D.Tilemap.Editor.csproj", "{D573C2F2-E29B-BBE7-6383-ADB02D05362B}"
EndProject
Global
	GlobalSection(SolutionConfigurationPlatforms) = preSolution
		Debug|Any CPU = Debug|Any CPU
		Release|Any CPU = Release|Any CPU
	EndGlobalSection
	GlobalSection(ProjectConfigurationPlatforms) = postSolution
		{E70A3548-43E9-D177-BD98-5B10C5CB253D}.Debug|Any CPU.ActiveCfg = Debug|Any CPU
		{E70A3548-43E9-D177-BD98-5B10C5CB253D}.Debug|Any CPU.Build.0 = Debug|Any CPU
		{E70A3548-43E9-D177-BD98-5B10C5CB253D}.Release|Any CPU.ActiveCfg = Release|Any CPU
		{E70A3548-43E9-D177-BD98-5B10C5CB253D}.Release|Any CPU.Build.0 = Release|Any CPU
		{EA5E5C94-03A1-AEDC-67AD-8DF2AB077E38}.Debug|Any CPU.ActiveCfg = Debug|Any CPU
		{EA5E5C94-03A1-AEDC-67AD-8DF2AB077E38}.Debug|Any CPU.Build.0 = Debug|Any CPU
		{EA5E5C94-03A1-AEDC-67AD-8DF2AB077E38}.Release|Any CPU.ActiveCfg = Release|Any CPU
		{EA5E5C94-03A1-AEDC-67AD-8DF2AB077E38}.Release|Any CPU.Build.0 = Release|Any CPU
		{7FEAAA78-ED98-F19C-62C0-15F385C13B93}.Debug|Any CPU.ActiveCfg = Debug|Any CPU
		{7FEAAA78-ED98-F19C-62C0-15F385C13B93}.Debug|Any CPU.Build.0 = Debug|Any CPU
		{7FEAAA78-ED98-F19C-62C0-15F385C13B93}.Release|Any CPU.ActiveCfg = Release|Any CPU
		{7FEAAA78-ED98-F19C-62C0-15F385C13B93}.Release|Any CPU.Build.0 = Release|Any CPU
		{78EAA696-08FB-1049-24C5-81B3FCCC0820}.Debug|Any CPU.ActiveCfg = Debug|Any CPU
		{78EAA696-08FB-1049-24C5-81B3FCCC0820}.Debug|Any CPU.Build.0 = Debug|Any CPU
		{78EAA696-08FB-1049-24C5-81B3FCCC0820}.Release|Any CPU.ActiveCfg = Release|Any CPU
		{78EAA696-08FB-1049-24C5-81B3FCCC0820}.Release|Any CPU.Build.0 = Release|Any CPU
		{D573C2F2-E29B-BBE7-6383-ADB02D05362B}.Debug|Any CPU.ActiveCfg = Debug|Any CPU
		{D573C2F2-E29B-BBE7-6383-ADB02D05362B}.Debug|Any CPU.Build.0 = Debug|Any CPU
		{D573C2F2-E29B-BBE7-6383-ADB02D05362B}.Release|Any CPU.ActiveCfg = Release|Any CPU
		{D573C2F2-E29B-BBE7-6383-ADB02D05362B}.Release|Any CPU.Build.0 = Release|Any CPU
	EndGlobalSection
	GlobalSection(SolutionProperties) = preSolution
		HideSolutionNode = FALSE
	EndGlobalSection
EndGlobal
